// !$*UTF8*$!
{
	archiveVersion = 1;
	classes = {
	};
	objectVersion = 56;
	objects = {

/* Begin PBXBuildFile section */
		CD7854BA2A1FA05B00DF9A7F /* AppDelegate.swift in Sources */ = {isa = PBXBuildFile; fileRef = CD7854B92A1FA05B00DF9A7F /* AppDelegate.swift */; };
		CD7854BC2A1FA05B00DF9A7F /* SceneDelegate.swift in Sources */ = {isa = PBXBuildFile; fileRef = CD7854BB2A1FA05B00DF9A7F /* SceneDelegate.swift */; };
		CD7854BE2A1FA05B00DF9A7F /* ViewController.swift in Sources */ = {isa = PBXBuildFile; fileRef = CD7854BD2A1FA05B00DF9A7F /* ViewController.swift */; };
		CD7854C12A1FA05B00DF9A7F /* Main.storyboard in Resources */ = {isa = PBXBuildFile; fileRef = CD7854BF2A1FA05B00DF9A7F /* Main.storyboard */; };
		CD7854C32A1FA05C00DF9A7F /* Assets.xcassets in Resources */ = {isa = PBXBuildFile; fileRef = CD7854C22A1FA05C00DF9A7F /* Assets.xcassets */; };
		CD7854C62A1FA05C00DF9A7F /* LaunchScreen.storyboard in Resources */ = {isa = PBXBuildFile; fileRef = CD7854C42A1FA05C00DF9A7F /* LaunchScreen.storyboard */; };
		CD7854D12A1FA05C00DF9A7F /* SimpleMemoTests.swift in Sources */ = {isa = PBXBuildFile; fileRef = CD7854D02A1FA05C00DF9A7F /* SimpleMemoTests.swift */; };
		CD7854DB2A1FA05C00DF9A7F /* SimpleMemoUITests.swift in Sources */ = {isa = PBXBuildFile; fileRef = CD7854DA2A1FA05C00DF9A7F /* SimpleMemoUITests.swift */; };
		CD7854DD2A1FA05C00DF9A7F /* SimpleMemoUITestsLaunchTests.swift in Sources */ = {isa = PBXBuildFile; fileRef = CD7854DC2A1FA05C00DF9A7F /* SimpleMemoUITestsLaunchTests.swift */; };
/* End PBXBuildFile section */

/* Begin PBXContainerItemProxy section */
		CD7854CD2A1FA05C00DF9A7F /* PBXContainerItemProxy */ = {
			isa = PBXContainerItemProxy;
			containerPortal = CD7854AE2A1FA05B00DF9A7F /* Project object */;
			proxyType = 1;
			remoteGlobalIDString = CD7854B52A1FA05B00DF9A7F;
			remoteInfo = SimpleMemo;
		};
		CD7854D72A1FA05C00DF9A7F /* PBXContainerItemProxy */ = {
			isa = PBXContainerItemProxy;
			containerPortal = CD7854AE2A1FA05B00DF9A7F /* Project object */;
			proxyType = 1;
			remoteGlobalIDString = CD7854B52A1FA05B00DF9A7F;
			remoteInfo = SimpleMemo;
		};
/* End PBXContainerItemProxy section */

/* Begin PBXFileReference section */
		CD7854B62A1FA05B00DF9A7F /* SimpleMemo.app */ = {isa = PBXFileReference; explicitFileType = wrapper.application; includeInIndex = 0; path = SimpleMemo.app; sourceTree = BUILT_PRODUCTS_DIR; };
		CD7854B92A1FA05B00DF9A7F /* AppDelegate.swift */ = {isa = PBXFileReference; lastKnownFileType = sourcecode.swift; path = AppDelegate.swift; sourceTree = "<group>"; };
		CD7854BB2A1FA05B00DF9A7F /* SceneDelegate.swift */ = {isa = PBXFileReference; lastKnownFileType = sourcecode.swift; path = SceneDelegate.swift; sourceTree = "<group>"; };
		CD7854BD2A1FA05B00DF9A7F /* ViewController.swift */ = {isa = PBXFileReference; lastKnownFileType = sourcecode.swift; path = ViewController.swift; sourceTree = "<group>"; };
		CD7854C02A1FA05B00DF9A7F /* Base */ = {isa = PBXFileReference; lastKnownFileType = file.storyboard; name = Base; path = Base.lproj/Main.storyboard; sourceTree = "<group>"; };
		CD7854C22A1FA05C00DF9A7F /* Assets.xcassets */ = {isa = PBXFileReference; lastKnownFileType = folder.assetcatalog; path = Assets.xcassets; sourceTree = "<group>"; };
		CD7854C52A1FA05C00DF9A7F /* Base */ = {isa = PBXFileReference; lastKnownFileType = file.storyboard; name = Base; path = Base.lproj/LaunchScreen.storyboard; sourceTree = "<group>"; };
		CD7854C72A1FA05C00DF9A7F /* Info.plist */ = {isa = PBXFileReference; lastKnownFileType = text.plist.xml; path = Info.plist; sourceTree = "<group>"; };
		CD7854CC2A1FA05C00DF9A7F /* SimpleMemoTests.xctest */ = {isa = PBXFileReference; explicitFileType = wrapper.cfbundle; includeInIndex = 0; path = SimpleMemoTests.xctest; sourceTree = BUILT_PRODUCTS_DIR; };
		CD7854D02A1FA05C00DF9A7F /* SimpleMemoTests.swift */ = {isa = PBXFileReference; lastKnownFileType = sourcecode.swift; path = SimpleMemoTests.swift; sourceTree = "<group>"; };
		CD7854D62A1FA05C00DF9A7F /* SimpleMemoUITests.xctest */ = {isa = PBXFileReference; explicitFileType = wrapper.cfbundle; includeInIndex = 0; path = SimpleMemoUITests.xctest; sourceTree = BUILT_PRODUCTS_DIR; };
		CD7854DA2A1FA05C00DF9A7F /* SimpleMemoUITests.swift */ = {isa = PBXFileReference; lastKnownFileType = sourcecode.swift; path = SimpleMemoUITests.swift; sourceTree = "<group>"; };
		CD7854DC2A1FA05C00DF9A7F /* SimpleMemoUITestsLaunchTests.swift */ = {isa = PBXFileReference; lastKnownFileType = sourcecode.swift; path = SimpleMemoUITestsLaunchTests.swift; sourceTree = "<group>"; };
/* End PBXFileReference section */

/* Begin PBXFrameworksBuildPhase section */
		CD7854B32A1FA05B00DF9A7F /* Frameworks */ = {
			isa = PBXFrameworksBuildPhase;
			buildActionMask = 2147483647;
			files = (
			);
			runOnlyForDeploymentPostprocessing = 0;
		};
		CD7854C92A1FA05C00DF9A7F /* Frameworks */ = {
			isa = PBXFrameworksBuildPhase;
			buildActionMask = 2147483647;
			files = (
			);
			runOnlyForDeploymentPostprocessing = 0;
		};
		CD7854D32A1FA05C00DF9A7F /* Frameworks */ = {
			isa = PBXFrameworksBuildPhase;
			buildActionMask = 2147483647;
			files = (
			);
			runOnlyForDeploymentPostprocessing = 0;
		};
/* End PBXFrameworksBuildPhase section */

/* Begin PBXGroup section */
		CD7854AD2A1FA05B00DF9A7F = {
			isa = PBXGroup;
			children = (
				CD7854B82A1FA05B00DF9A7F /* SimpleMemo */,
				CD7854CF2A1FA05C00DF9A7F /* SimpleMemoTests */,
				CD7854D92A1FA05C00DF9A7F /* SimpleMemoUITests */,
				CD7854B72A1FA05B00DF9A7F /* Products */,
			);
			sourceTree = "<group>";
		};
		CD7854B72A1FA05B00DF9A7F /* Products */ = {
			isa = PBXGroup;
			children = (
				CD7854B62A1FA05B00DF9A7F /* SimpleMemo.app */,
				CD7854CC2A1FA05C00DF9A7F /* SimpleMemoTests.xctest */,
				CD7854D62A1FA05C00DF9A7F /* SimpleMemoUITests.xctest */,
			);
			name = Products;
			sourceTree = "<group>";
		};
		CD7854B82A1FA05B00DF9A7F /* SimpleMemo */ = {
			isa = PBXGroup;
			children = (
				CD7854B92A1FA05B00DF9A7F /* AppDelegate.swift */,
				CD7854BB2A1FA05B00DF9A7F /* SceneDelegate.swift */,
				CD7854BD2A1FA05B00DF9A7F /* ViewController.swift */,
				CD7854BF2A1FA05B00DF9A7F /* Main.storyboard */,
				CD7854C22A1FA05C00DF9A7F /* Assets.xcassets */,
				CD7854C42A1FA05C00DF9A7F /* LaunchScreen.storyboard */,
				CD7854C72A1FA05C00DF9A7F /* Info.plist */,
			);
			path = SimpleMemo;
			sourceTree = "<group>";
		};
		CD7854CF2A1FA05C00DF9A7F /* SimpleMemoTests */ = {
			isa = PBXGroup;
			children = (
				CD7854D02A1FA05C00DF9A7F /* SimpleMemoTests.swift */,
			);
			path = SimpleMemoTests;
			sourceTree = "<group>";
		};
		CD7854D92A1FA05C00DF9A7F /* SimpleMemoUITests */ = {
			isa = PBXGroup;
			children = (
				CD7854DA2A1FA05C00DF9A7F /* SimpleMemoUITests.swift */,
				CD7854DC2A1FA05C00DF9A7F /* SimpleMemoUITestsLaunchTests.swift */,
			);
			path = SimpleMemoUITests;
			sourceTree = "<group>";
		};
/* End PBXGroup section */

/* Begin PBXNativeTarget section */
		CD7854B52A1FA05B00DF9A7F /* SimpleMemo */ = {
			isa = PBXNativeTarget;
			buildConfigurationList = CD7854E02A1FA05C00DF9A7F /* Build configuration list for PBXNativeTarget "SimpleMemo" */;
			buildPhases = (
				CD7854B22A1FA05B00DF9A7F /* Sources */,
				CD7854B32A1FA05B00DF9A7F /* Frameworks */,
				CD7854B42A1FA05B00DF9A7F /* Resources */,
			);
			buildRules = (
			);
			dependencies = (
			);
			name = SimpleMemo;
			productName = SimpleMemo;
			productReference = CD7854B62A1FA05B00DF9A7F /* SimpleMemo.app */;
			productType = "com.apple.product-type.application";
		};
		CD7854CB2A1FA05C00DF9A7F /* SimpleMemoTests */ = {
			isa = PBXNativeTarget;
			buildConfigurationList = CD7854E32A1FA05C00DF9A7F /* Build configuration list for PBXNativeTarget "SimpleMemoTests" */;
			buildPhases = (
				CD7854C82A1FA05C00DF9A7F /* Sources */,
				CD7854C92A1FA05C00DF9A7F /* Frameworks */,
				CD7854CA2A1FA05C00DF9A7F /* Resources */,
			);
			buildRules = (
			);
			dependencies = (
				CD7854CE2A1FA05C00DF9A7F /* PBXTargetDependency */,
			);
			name = SimpleMemoTests;
			productName = SimpleMemoTests;
			productReference = CD7854CC2A1FA05C00DF9A7F /* SimpleMemoTests.xctest */;
			productType = "com.apple.product-type.bundle.unit-test";
		};
		CD7854D52A1FA05C00DF9A7F /* SimpleMemoUITests */ = {
			isa = PBXNativeTarget;
			buildConfigurationList = CD7854E62A1FA05C00DF9A7F /* Build configuration list for PBXNativeTarget "SimpleMemoUITests" */;
			buildPhases = (
				CD7854D22A1FA05C00DF9A7F /* Sources */,
				CD7854D32A1FA05C00DF9A7F /* Frameworks */,
				CD7854D42A1FA05C00DF9A7F /* Resources */,
			);
			buildRules = (
			);
			dependencies = (
				CD7854D82A1FA05C00DF9A7F /* PBXTargetDependency */,
			);
			name = SimpleMemoUITests;
			productName = SimpleMemoUITests;
			productReference = CD7854D62A1FA05C00DF9A7F /* SimpleMemoUITests.xctest */;
			productType = "com.apple.product-type.bundle.ui-testing";
		};
/* End PBXNativeTarget section */

/* Begin PBXProject section */
		CD7854AE2A1FA05B00DF9A7F /* Project object */ = {
			isa = PBXProject;
			attributes = {
				BuildIndependentTargetsInParallel = 1;
				LastSwiftUpdateCheck = 1420;
				LastUpgradeCheck = 1420;
				TargetAttributes = {
					CD7854B52A1FA05B00DF9A7F = {
						CreatedOnToolsVersion = 14.2;
					};
					CD7854CB2A1FA05C00DF9A7F = {
						CreatedOnToolsVersion = 14.2;
						TestTargetID = CD7854B52A1FA05B00DF9A7F;
					};
					CD7854D52A1FA05C00DF9A7F = {
						CreatedOnToolsVersion = 14.2;
						TestTargetID = CD7854B52A1FA05B00DF9A7F;
					};
				};
			};
			buildConfigurationList = CD7854B12A1FA05B00DF9A7F /* Build configuration list for PBXProject "SimpleMemo" */;
			compatibilityVersion = "Xcode 14.0";
			developmentRegion = en;
			hasScannedForEncodings = 0;
			knownRegions = (
				en,
				Base,
			);
			mainGroup = CD7854AD2A1FA05B00DF9A7F;
			productRefGroup = CD7854B72A1FA05B00DF9A7F /* Products */;
			projectDirPath = "";
			projectRoot = "";
			targets = (
				CD7854B52A1FA05B00DF9A7F /* SimpleMemo */,
				CD7854CB2A1FA05C00DF9A7F /* SimpleMemoTests */,
				CD7854D52A1FA05C00DF9A7F /* SimpleMemoUITests */,
			);
		};
/* End PBXProject section */

/* Begin PBXResourcesBuildPhase section */
		CD7854B42A1FA05B00DF9A7F /* Resources */ = {
			isa = PBXResourcesBuildPhase;
			buildActionMask = 2147483647;
			files = (
				CD7854C62A1FA05C00DF9A7F /* LaunchScreen.storyboard in Resources */,
				CD7854C32A1FA05C00DF9A7F /* Assets.xcassets in Resources */,
				CD7854C12A1FA05B00DF9A7F /* Main.storyboard in Resources */,
			);
			runOnlyForDeploymentPostprocessing = 0;
		};
		CD7854CA2A1FA05C00DF9A7F /* Resources */ = {
			isa = PBXResourcesBuildPhase;
			buildActionMask = 2147483647;
			files = (
			);
			runOnlyForDeploymentPostprocessing = 0;
		};
		CD7854D42A1FA05C00DF9A7F /* Resources */ = {
			isa = PBXResourcesBuildPhase;
			buildActionMask = 2147483647;
			files = (
			);
			runOnlyForDeploymentPostprocessing = 0;
		};
/* End PBXResourcesBuildPhase section */

/* Begin PBXSourcesBuildPhase section */
		CD7854B22A1FA05B00DF9A7F /* Sources */ = {
			isa = PBXSourcesBuildPhase;
			buildActionMask = 2147483647;
			files = (
				CD7854BE2A1FA05B00DF9A7F /* ViewController.swift in Sources */,
				CD7854BA2A1FA05B00DF9A7F /* AppDelegate.swift in Sources */,
				CD7854BC2A1FA05B00DF9A7F /* SceneDelegate.swift in Sources */,
			);
			runOnlyForDeploymentPostprocessing = 0;
		};
		CD7854C82A1FA05C00DF9A7F /* Sources */ = {
			isa = PBXSourcesBuildPhase;
			buildActionMask = 2147483647;
			files = (
				CD7854D12A1FA05C00DF9A7F /* SimpleMemoTests.swift in Sources */,
			);
			runOnlyForDeploymentPostprocessing = 0;
		};
		CD7854D22A1FA05C00DF9A7F /* Sources */ = {
			isa = PBXSourcesBuildPhase;
			buildActionMask = 2147483647;
			files = (
				CD7854DD2A1FA05C00DF9A7F /* SimpleMemoUITestsLaunchTests.swift in Sources */,
				CD7854DB2A1FA05C00DF9A7F /* SimpleMemoUITests.swift in Sources */,
			);
			runOnlyForDeploymentPostprocessing = 0;
		};
/* End PBXSourcesBuildPhase section */

/* Begin PBXTargetDependency section */
		CD7854CE2A1FA05C00DF9A7F /* PBXTargetDependency */ = {
			isa = PBXTargetDependency;
			target = CD7854B52A1FA05B00DF9A7F /* SimpleMemo */;
			targetProxy = CD7854CD2A1FA05C00DF9A7F /* PBXContainerItemProxy */;
		};
		CD7854D82A1FA05C00DF9A7F /* PBXTargetDependency */ = {
			isa = PBXTargetDependency;
			target = CD7854B52A1FA05B00DF9A7F /* SimpleMemo */;
			targetProxy = CD7854D72A1FA05C00DF9A7F /* PBXContainerItemProxy */;
		};
/* End PBXTargetDependency section */

/* Begin PBXVariantGroup section */
		CD7854BF2A1FA05B00DF9A7F /* Main.storyboard */ = {
			isa = PBXVariantGroup;
			children = (
				CD7854C02A1FA05B00DF9A7F /* Base */,
			);
			name = Main.storyboard;
			sourceTree = "<group>";
		};
		CD7854C42A1FA05C00DF9A7F /* LaunchScreen.storyboard */ = {
			isa = PBXVariantGroup;
			children = (
				CD7854C52A1FA05C00DF9A7F /* Base */,
			);
			name = LaunchScreen.storyboard;
			sourceTree = "<group>";
		};
/* End PBXVariantGroup section */

/* Begin XCBuildConfiguration section */
		CD7854DE2A1FA05C00DF9A7F /* Debug */ = {
			isa = XCBuildConfiguration;
			buildSettings = {
				ALWAYS_SEARCH_USER_PATHS = NO;
				CLANG_ANALYZER_NONNULL = YES;
				CLANG_ANALYZER_NUMBER_OBJECT_CONVERSION = YES_AGGRESSIVE;
				CLANG_CXX_LANGUAGE_STANDARD = "gnu++20";
				CLANG_ENABLE_MODULES = YES;
				CLANG_ENABLE_OBJC_ARC = YES;
				CLANG_ENABLE_OBJC_WEAK = YES;
				CLANG_WARN_BLOCK_CAPTURE_AUTORELEASING = YES;
				CLANG_WARN_BOOL_CONVERSION = YES;
				CLANG_WARN_COMMA = YES;
				CLANG_WARN_CONSTANT_CONVERSION = YES;
				CLANG_WARN_DEPRECATED_OBJC_IMPLEMENTATIONS = YES;
				CLANG_WARN_DIRECT_OBJC_ISA_USAGE = YES_ERROR;
				CLANG_WARN_DOCUMENTATION_COMMENTS = YES;
				CLANG_WARN_EMPTY_BODY = YES;
				CLANG_WARN_ENUM_CONVERSION = YES;
				CLANG_WARN_INFINITE_RECURSION = YES;
				CLANG_WARN_INT_CONVERSION = YES;
				CLANG_WARN_NON_LITERAL_NULL_CONVERSION = YES;
				CLANG_WARN_OBJC_IMPLICIT_RETAIN_SELF = YES;
				CLANG_WARN_OBJC_LITERAL_CONVERSION = YES;
				CLANG_WARN_OBJC_ROOT_CLASS = YES_ERROR;
				CLANG_WARN_QUOTED_INCLUDE_IN_FRAMEWORK_HEADER = YES;
				CLANG_WARN_RANGE_LOOP_ANALYSIS = YES;
				CLANG_WARN_STRICT_PROTOTYPES = YES;
				CLANG_WARN_SUSPICIOUS_MOVE = YES;
				CLANG_WARN_UNGUARDED_AVAILABILITY = YES_AGGRESSIVE;
				CLANG_WARN_UNREACHABLE_CODE = YES;
				CLANG_WARN__DUPLICATE_METHOD_MATCH = YES;
				COPY_PHASE_STRIP = NO;
				DEBUG_INFORMATION_FORMAT = dwarf;
				ENABLE_STRICT_OBJC_MSGSEND = YES;
				ENABLE_TESTABILITY = YES;
				GCC_C_LANGUAGE_STANDARD = gnu11;
				GCC_DYNAMIC_NO_PIC = NO;
				GCC_NO_COMMON_BLOCKS = YES;
				GCC_OPTIMIZATION_LEVEL = 0;
				GCC_PREPROCESSOR_DEFINITIONS = (
					"DEBUG=1",
					"$(inherited)",
				);
				GCC_WARN_64_TO_32_BIT_CONVERSION = YES;
				GCC_WARN_ABOUT_RETURN_TYPE = YES_ERROR;
				GCC_WARN_UNDECLARED_SELECTOR = YES;
				GCC_WARN_UNINITIALIZED_AUTOS = YES_AGGRESSIVE;
				GCC_WARN_UNUSED_FUNCTION = YES;
				GCC_WARN_UNUSED_VARIABLE = YES;
				IPHONEOS_DEPLOYMENT_TARGET = 16.2;
				MTL_ENABLE_DEBUG_INFO = INCLUDE_SOURCE;
				MTL_FAST_MATH = YES;
				ONLY_ACTIVE_ARCH = YES;
				SDKROOT = iphoneos;
				SWIFT_ACTIVE_COMPILATION_CONDITIONS = DEBUG;
				SWIFT_OPTIMIZATION_LEVEL = "-Onone";
			};
			name = Debug;
		};
		CD7854DF2A1FA05C00DF9A7F /* Release */ = {
			isa = XCBuildConfiguration;
			buildSettings = {
				ALWAYS_SEARCH_USER_PATHS = NO;
				CLANG_ANALYZER_NONNULL = YES;
				CLANG_ANALYZER_NUMBER_OBJECT_CONVERSION = YES_AGGRESSIVE;
				CLANG_CXX_LANGUAGE_STANDARD = "gnu++20";
				CLANG_ENABLE_MODULES = YES;
				CLANG_ENABLE_OBJC_ARC = YES;
				CLANG_ENABLE_OBJC_WEAK = YES;
				CLANG_WARN_BLOCK_CAPTURE_AUTORELEASING = YES;
				CLANG_WARN_BOOL_CONVERSION = YES;
				CLANG_WARN_COMMA = YES;
				CLANG_WARN_CONSTANT_CONVERSION = YES;
				CLANG_WARN_DEPRECATED_OBJC_IMPLEMENTATIONS = YES;
				CLANG_WARN_DIRECT_OBJC_ISA_USAGE = YES_ERROR;
				CLANG_WARN_DOCUMENTATION_COMMENTS = YES;
				CLANG_WARN_EMPTY_BODY = YES;
				CLANG_WARN_ENUM_CONVERSION = YES;
				CLANG_WARN_INFINITE_RECURSION = YES;
				CLANG_WARN_INT_CONVERSION = YES;
				CLANG_WARN_NON_LITERAL_NULL_CONVERSION = YES;
				CLANG_WARN_OBJC_IMPLICIT_RETAIN_SELF = YES;
				CLANG_WARN_OBJC_LITERAL_CONVERSION = YES;
				CLANG_WARN_OBJC_ROOT_CLASS = YES_ERROR;
				CLANG_WARN_QUOTED_INCLUDE_IN_FRAMEWORK_HEADER = YES;
				CLANG_WARN_RANGE_LOOP_ANALYSIS = YES;
				CLANG_WARN_STRICT_PROTOTYPES = YES;
				CLANG_WARN_SUSPICIOUS_MOVE = YES;
				CLANG_WARN_UNGUARDED_AVAILABILITY = YES_AGGRESSIVE;
				CLANG_WARN_UNREACHABLE_CODE = YES;
				CLANG_WARN__DUPLICATE_METHOD_MATCH = YES;
				COPY_PHASE_STRIP = NO;
				DEBUG_INFORMATION_FORMAT = "dwarf-with-dsym";
				ENABLE_NS_ASSERTIONS = NO;
				ENABLE_STRICT_OBJC_MSGSEND = YES;
				GCC_C_LANGUAGE_STANDARD = gnu11;
				GCC_NO_COMMON_BLOCKS = YES;
				GCC_WARN_64_TO_32_BIT_CONVERSION = YES;
				GCC_WARN_ABOUT_RETURN_TYPE = YES_ERROR;
				GCC_WARN_UNDECLARED_SELECTOR = YES;
				GCC_WARN_UNINITIALIZED_AUTOS = YES_AGGRESSIVE;
				GCC_WARN_UNUSED_FUNCTION = YES;
				GCC_WARN_UNUSED_VARIABLE = YES;
				IPHONEOS_DEPLOYMENT_TARGET = 16.2;
				MTL_ENABLE_DEBUG_INFO = NO;
				MTL_FAST_MATH = YES;
				SDKROOT = iphoneos;
				SWIFT_COMPILATION_MODE = wholemodule;
				SWIFT_OPTIMIZATION_LEVEL = "-O";
				VALIDATE_PRODUCT = YES;
			};
			name = Release;
		};
		CD7854E12A1FA05C00DF9A7F /* Debug */ = {
			isa = XCBuildConfiguration;
			buildSettings = {
				ASSETCATALOG_COMPILER_APPICON_NAME = AppIcon;
				ASSETCATALOG_COMPILER_GLOBAL_ACCENT_COLOR_NAME = AccentColor;
				CODE_SIGN_STYLE = Automatic;
				CURRENT_PROJECT_VERSION = 1;
				DEVELOPMENT_TEAM = P3KXNQ9736;
				GENERATE_INFOPLIST_FILE = YES;
				INFOPLIST_FILE = SimpleMemo/Info.plist;
				INFOPLIST_KEY_UIApplicationSupportsIndirectInputEvents = YES;
				INFOPLIST_KEY_UILaunchStoryboardName = LaunchScreen;
				INFOPLIST_KEY_UIMainStoryboardFile = Main;
				INFOPLIST_KEY_UISupportedInterfaceOrientations_iPad = "UIInterfaceOrientationPortrait UIInterfaceOrientationPortraitUpsideDown UIInterfaceOrientationLandscapeLeft UIInterfaceOrientationLandscapeRight";
				INFOPLIST_KEY_UISupportedInterfaceOrientations_iPhone = "UIInterfaceOrientationPortrait UIInterfaceOrientationLandscapeLeft UIInterfaceOrientationLandscapeRight";
				LD_RUNPATH_SEARCH_PATHS = (
					"$(inherited)",
					"@executable_path/Frameworks",
				);
				MARKETING_VERSION = 1.0;
				PRODUCT_BUNDLE_IDENTIFIER = Choi.SimpleMemo;
				PRODUCT_NAME = "$(TARGET_NAME)";
				SWIFT_EMIT_LOC_STRINGS = YES;
				SWIFT_VERSION = 5.0;
				TARGETED_DEVICE_FAMILY = "1,2";
			};
			name = Debug;
		};
		CD7854E22A1FA05C00DF9A7F /* Release */ = {
			isa = XCBuildConfiguration;
			buildSettings = {
				ASSETCATALOG_COMPILER_APPICON_NAME = AppIcon;
				ASSETCATALOG_COMPILER_GLOBAL_ACCENT_COLOR_NAME = AccentColor;
				CODE_SIGN_STYLE = Automatic;
				CURRENT_PROJECT_VERSION = 1;
				DEVELOPMENT_TEAM = P3KXNQ9736;
				GENERATE_INFOPLIST_FILE = YES;
				INFOPLIST_FILE = SimpleMemo/Info.plist;
				INFOPLIST_KEY_UIApplicationSupportsIndirectInputEvents = YES;
				INFOPLIST_KEY_UILaunchStoryboardName = LaunchScreen;
				INFOPLIST_KEY_UIMainStoryboardFile = Main;
				INFOPLIST_KEY_UISupportedInterfaceOrientations_iPad = "UIInterfaceOrientationPortrait UIInterfaceOrientationPortraitUpsideDown UIInterfaceOrientationLandscapeLeft UIInterfaceOrientationLandscapeRight";
				INFOPLIST_KEY_UISupportedInterfaceOrientations_iPhone = "UIInterfaceOrientationPortrait UIInterfaceOrientationLandscapeLeft UIInterfaceOrientationLandscapeRight";
				LD_RUNPATH_SEARCH_PATHS = (
					"$(inherited)",
					"@executable_path/Frameworks",
				);
				MARKETING_VERSION = 1.0;
				PRODUCT_BUNDLE_IDENTIFIER = Choi.SimpleMemo;
				PRODUCT_NAME = "$(TARGET_NAME)";
				SWIFT_EMIT_LOC_STRINGS = YES;
				SWIFT_VERSION = 5.0;
				TARGETED_DEVICE_FAMILY = "1,2";
			};
			name = Release;
		};
		CD7854E42A1FA05C00DF9A7F /* Debug */ = {
			isa = XCBuildConfiguration;
			buildSettings = {
				ALWAYS_EMBED_SWIFT_STANDARD_LIBRARIES = YES;
				BUNDLE_LOADER = "$(TEST_HOST)";
				CODE_SIGN_STYLE = Automatic;
				CURRENT_PROJECT_VERSION = 1;
				DEVELOPMENT_TEAM = P3KXNQ9736;
				GENERATE_INFOPLIST_FILE = YES;
				IPHONEOS_DEPLOYMENT_TARGET = 16.2;
				MARKETING_VERSION = 1.0;
				PRODUCT_BUNDLE_IDENTIFIER = Choi.SimpleMemoTests;
				PRODUCT_NAME = "$(TARGET_NAME)";
				SWIFT_EMIT_LOC_STRINGS = NO;
				SWIFT_VERSION = 5.0;
				TARGETED_DEVICE_FAMILY = "1,2";
				TEST_HOST = "$(BUILT_PRODUCTS_DIR)/SimpleMemo.app/$(BUNDLE_EXECUTABLE_FOLDER_PATH)/SimpleMemo";
			};
			name = Debug;
		};
		CD7854E52A1FA05C00DF9A7F /* Release */ = {
			isa = XCBuildConfiguration;
			buildSettings = {
				ALWAYS_EMBED_SWIFT_STANDARD_LIBRARIES = YES;
				BUNDLE_LOADER = "$(TEST_HOST)";
				CODE_SIGN_STYLE = Automatic;
				CURRENT_PROJECT_VERSION = 1;
				DEVELOPMENT_TEAM = P3KXNQ9736;
				GENERATE_INFOPLIST_FILE = YES;
				IPHONEOS_DEPLOYMENT_TARGET = 16.2;
				MARKETING_VERSION = 1.0;
				PRODUCT_BUNDLE_IDENTIFIER = Choi.SimpleMemoTests;
				PRODUCT_NAME = "$(TARGET_NAME)";
				SWIFT_EMIT_LOC_STRINGS = NO;
				SWIFT_VERSION = 5.0;
				TARGETED_DEVICE_FAMILY = "1,2";
				TEST_HOST = "$(BUILT_PRODUCTS_DIR)/SimpleMemo.app/$(BUNDLE_EXECUTABLE_FOLDER_PATH)/SimpleMemo";
			};
			name = Release;
		};
		CD7854E72A1FA05C00DF9A7F /* Debug */ = {
			isa = XCBuildConfiguration;
			buildSettings = {
				ALWAYS_EMBED_SWIFT_STANDARD_LIBRARIES = YES;
				CODE_SIGN_STYLE = Automatic;
				CURRENT_PROJECT_VERSION = 1;
				DEVELOPMENT_TEAM = P3KXNQ9736;
				GENERATE_INFOPLIST_FILE = YES;
				MARKETING_VERSION = 1.0;
				PRODUCT_BUNDLE_IDENTIFIER = Choi.SimpleMemoUITests;
				PRODUCT_NAME = "$(TARGET_NAME)";
				SWIFT_EMIT_LOC_STRINGS = NO;
				SWIFT_VERSION = 5.0;
				TARGETED_DEVICE_FAMILY = "1,2";
				TEST_TARGET_NAME = SimpleMemo;
			};
			name = Debug;
		};
		CD7854E82A1FA05C00DF9A7F /* Release */ = {
			isa = XCBuildConfiguration;
			buildSettings = {
				ALWAYS_EMBED_SWIFT_STANDARD_LIBRARIES = YES;
				CODE_SIGN_STYLE = Automatic;
				CURRENT_PROJECT_VERSION = 1;
				DEVELOPMENT_TEAM = P3KXNQ9736;
				GENERATE_INFOPLIST_FILE = YES;
				MARKETING_VERSION = 1.0;
				PRODUCT_BUNDLE_IDENTIFIER = Choi.SimpleMemoUITests;
				PRODUCT_NAME = "$(TARGET_NAME)";
				SWIFT_EMIT_LOC_STRINGS = NO;
				SWIFT_VERSION = 5.0;
				TARGETED_DEVICE_FAMILY = "1,2";
				TEST_TARGET_NAME = SimpleMemo;
			};
			name = Release;
		};
/* End XCBuildConfiguration section */

/* Begin XCConfigurationList section */
		CD7854B12A1FA05B00DF9A7F /* Build configuration list for PBXProject "SimpleMemo" */ = {
			isa = XCConfigurationList;
			buildConfigurations = (
				CD7854DE2A1FA05C00DF9A7F /* Debug */,
				CD7854DF2A1FA05C00DF9A7F /* Release */,
			);
			defaultConfigurationIsVisible = 0;
			defaultConfigurationName = Release;
		};
		CD7854E02A1FA05C00DF9A7F /* Build configuration list for PBXNativeTarget "SimpleMemo" */ = {
			isa = XCConfigurationList;
			buildConfigurations = (
				CD7854E12A1FA05C00DF9A7F /* Debug */,
				CD7854E22A1FA05C00DF9A7F /* Release */,
			);
			defaultConfigurationIsVisible = 0;
			defaultConfigurationName = Release;
		};
		CD7854E32A1FA05C00DF9A7F /* Build configuration list for PBXNativeTarget "SimpleMemoTests" */ = {
			isa = XCConfigurationList;
			buildConfigurations = (
				CD7854E42A1FA05C00DF9A7F /* Debug */,
				CD7854E52A1FA05C00DF9A7F /* Release */,
			);
			defaultConfigurationIsVisible = 0;
			defaultConfigurationName = Release;
		};
		CD7854E62A1FA05C00DF9A7F /* Build configuration list for PBXNativeTarget "SimpleMemoUITests" */ = {
			isa = XCConfigurationList;
			buildConfigurations = (
				CD7854E72A1FA05C00DF9A7F /* Debug */,
				CD7854E82A1FA05C00DF9A7F /* Release */,
			);
			defaultConfigurationIsVisible = 0;
			defaultConfigurationName = Release;
		};
/* End XCConfigurationList section */
	};
	rootObject = CD7854AE2A1FA05B00DF9A7F /* Project object */;
}
